
Microsoft Visual Studio Solution File, Format Version 12.00
# Visual Studio Version 16
VisualStudioVersion = 16.0.29215.179
MinimumVisualStudioVersion = 15.0.26124.0
Project("{FAE04EC0-301F-11D3-BF4B-00C04F79EFBC}") = "FluentApiTest", "..\FluentApiTest\FluentApiTest.csproj", "{6BE10B6D-DAED-4BC2-9A60-46E5D2E7BDAA}"
EndProject
Global
	GlobalSection(SolutionConfigurationPlatforms) = preSolution
		Debug|Any CPU = Debug|Any CPU
		Debug|x64 = Debug|x64
		Debug|x86 = Debug|x86
		Release|Any CPU = Release|Any CPU
		Release|x64 = Release|x64
		Release|x86 = Release|x86
	EndGlobalSection
	GlobalSection(ProjectConfigurationPlatforms) = postSolution
		{6BE10B6D-DAED-4BC2-9A60-46E5D2E7BDAA}.Debug|Any CPU.ActiveCfg = Debug|Any CPU
		{6BE10B6D-DAED-4BC2-9A60-46E5D2E7BDAA}.Debug|Any CPU.Build.0 = Debug|Any CPU
		{6BE10B6D-DAED-4BC2-9A60-46E5D2E7BDAA}.Debug|x64.ActiveCfg = Debug|Any CPU
		{6BE10B6D-DAED-4BC2-9A60-46E5D2E7BDAA}.Debug|x64.Build.0 = Debug|Any CPU
		{6BE10B6D-DAED-4BC2-9A60-46E5D2E7BDAA}.Debug|x86.ActiveCfg = Debug|Any CPU
		{6BE10B6D-DAED-4BC2-9A60-46E5D2E7BDAA}.Debug|x86.Build.0 = Debug|Any CPU
		{6BE10B6D-DAED-4BC2-9A60-46E5D2E7BDAA}.Release|Any CPU.ActiveCfg = Release|Any CPU
		{6BE10B6D-DAED-4BC2-9A60-46E5D2E7BDAA}.Release|Any CPU.Build.0 = Release|Any CPU
		{6BE10B6D-DAED-4BC2-9A60-46E5D2E7BDAA}.Release|x64.ActiveCfg = Release|Any CPU
		{6BE10B6D-DAED-4BC2-9A60-46E5D2E7BDAA}.Release|x64.Build.0 = Release|Any CPU
		{6BE10B6D-DAED-4BC2-9A60-46E5D2E7BDAA}.Release|x86.ActiveCfg = Release|Any CPU
		{6BE10B6D-DAED-4BC2-9A60-46E5D2E7BDAA}.Release|x86.Build.0 = Release|Any CPU
	EndGlobalSection
	GlobalSection(SolutionProperties) = preSolution
		HideSolutionNode = FALSE
	EndGlobalSection
	GlobalSection(ExtensibilityGlobals) = postSolution
		SolutionGuid = {AE9B3E02-E234-4CB3-9136-CD1906DE9BDD}
	EndGlobalSection
EndGlobal
